// !$*UTF8*$!
{
	archiveVersion = 1;
	classes = {
	};
	objectVersion = 46;
	objects = {

/* Begin PBXBuildFile section */
		E0CB36AC1E6833B700A61CFF /* AppDelegate.swift in Sources */ = {isa = PBXBuildFile; fileRef = E0CB36AB1E6833B700A61CFF /* AppDelegate.swift */; };
		E0CB36AE1E6833B700A61CFF /* ColorSwitchViewController.swift in Sources */ = {isa = PBXBuildFile; fileRef = E0CB36AD1E6833B700A61CFF /* ColorSwitchViewController.swift */; };
		E0CB36B11E6833B700A61CFF /* Main.storyboard in Resources */ = {isa = PBXBuildFile; fileRef = E0CB36AF1E6833B700A61CFF /* Main.storyboard */; };
		E0CB36B31E6833B700A61CFF /* Assets.xcassets in Resources */ = {isa = PBXBuildFile; fileRef = E0CB36B21E6833B700A61CFF /* Assets.xcassets */; };
		E0CB36B61E6833B700A61CFF /* LaunchScreen.storyboard in Resources */ = {isa = PBXBuildFile; fileRef = E0CB36B41E6833B700A61CFF /* LaunchScreen.storyboard */; };
		E0CB36BF1E6833EA00A61CFF /* MultipeerConnectivity.framework in Frameworks */ = {isa = PBXBuildFile; fileRef = E0CB36BE1E6833EA00A61CFF /* MultipeerConnectivity.framework */; };
		E0CB36C11E6838DE00A61CFF /* ColorServiceManager.swift in Sources */ = {isa = PBXBuildFile; fileRef = E0CB36C01E6838DE00A61CFF /* ColorServiceManager.swift */; };
/* End PBXBuildFile section */

/* Begin PBXFileReference section */
		E0CB36A81E6833B700A61CFF /* MultipeerTrial.app */ = {isa = PBXFileReference; explicitFileType = wrapper.application; includeInIndex = 0; path = MultipeerTrial.app; sourceTree = BUILT_PRODUCTS_DIR; };
		E0CB36AB1E6833B700A61CFF /* AppDelegate.swift */ = {isa = PBXFileReference; lastKnownFileType = sourcecode.swift; path = AppDelegate.swift; sourceTree = "<group>"; };
		E0CB36AD1E6833B700A61CFF /* ColorSwitchViewController.swift */ = {isa = PBXFileReference; lastKnownFileType = sourcecode.swift; path = ColorSwitchViewController.swift; sourceTree = "<group>"; };
		E0CB36B01E6833B700A61CFF /* Base */ = {isa = PBXFileReference; lastKnownFileType = file.storyboard; name = Base; path = Base.lproj/Main.storyboard; sourceTree = "<group>"; };
		E0CB36B21E6833B700A61CFF /* Assets.xcassets */ = {isa = PBXFileReference; lastKnownFileType = folder.assetcatalog; path = Assets.xcassets; sourceTree = "<group>"; };
		E0CB36B51E6833B700A61CFF /* Base */ = {isa = PBXFileReference; lastKnownFileType = file.storyboard; name = Base; path = Base.lproj/LaunchScreen.storyboard; sourceTree = "<group>"; };
		E0CB36B71E6833B700A61CFF /* Info.plist */ = {isa = PBXFileReference; lastKnownFileType = text.plist.xml; path = Info.plist; sourceTree = "<group>"; };
		E0CB36BE1E6833EA00A61CFF /* MultipeerConnectivity.framework */ = {isa = PBXFileReference; lastKnownFileType = wrapper.framework; name = MultipeerConnectivity.framework; path = System/Library/Frameworks/MultipeerConnectivity.framework; sourceTree = SDKROOT; };
		E0CB36C01E6838DE00A61CFF /* ColorServiceManager.swift */ = {isa = PBXFileReference; fileEncoding = 4; lastKnownFileType = sourcecode.swift; path = ColorServiceManager.swift; sourceTree = "<group>"; };
/* End PBXFileReference section */

/* Begin PBXFrameworksBuildPhase section */
		E0CB36A51E6833B700A61CFF /* Frameworks */ = {
			isa = PBXFrameworksBuildPhase;
			buildActionMask = 2147483647;
			files = (
				E0CB36BF1E6833EA00A61CFF /* MultipeerConnectivity.framework in Frameworks */,
			);
			runOnlyForDeploymentPostprocessing = 0;
		};
/* End PBXFrameworksBuildPhase section */

/* Begin PBXGroup section */
		E0CB369F1E6833B700A61CFF = {
			isa = PBXGroup;
			children = (
				E0CB36AA1E6833B700A61CFF /* MultipeerTrial */,
				E0CB36A91E6833B700A61CFF /* Products */,
				E0CB36BD1E6833EA00A61CFF /* Frameworks */,
			);
			sourceTree = "<group>";
		};
		E0CB36A91E6833B700A61CFF /* Products */ = {
			isa = PBXGroup;
			children = (
				E0CB36A81E6833B700A61CFF /* MultipeerTrial.app */,
			);
			name = Products;
			sourceTree = "<group>";
		};
		E0CB36AA1E6833B700A61CFF /* MultipeerTrial */ = {
			isa = PBXGroup;
			children = (
				E0CB36AB1E6833B700A61CFF /* AppDelegate.swift */,
				E0CB36AD1E6833B700A61CFF /* ColorSwitchViewController.swift */,
				E0CB36C01E6838DE00A61CFF /* ColorServiceManager.swift */,
				E0CB36AF1E6833B700A61CFF /* Main.storyboard */,
				E0CB36B21E6833B700A61CFF /* Assets.xcassets */,
				E0CB36B41E6833B700A61CFF /* LaunchScreen.storyboard */,
				E0CB36B71E6833B700A61CFF /* Info.plist */,
			);
			path = MultipeerTrial;
			sourceTree = "<group>";
		};
		E0CB36BD1E6833EA00A61CFF /* Frameworks */ = {
			isa = PBXGroup;
			children = (
				E0CB36BE1E6833EA00A61CFF /* MultipeerConnectivity.framework */,
			);
			name = Frameworks;
			sourceTree = "<group>";
		};
/* End PBXGroup section */

/* Begin PBXNativeTarget section */
		E0CB36A71E6833B700A61CFF /* MultipeerTrial */ = {
			isa = PBXNativeTarget;
			buildConfigurationList = E0CB36BA1E6833B700A61CFF /* Build configuration list for PBXNativeTarget "MultipeerTrial" */;
			buildPhases = (
				E0CB36A41E6833B700A61CFF /* Sources */,
				E0CB36A51E6833B700A61CFF /* Frameworks */,
				E0CB36A61E6833B700A61CFF /* Resources */,
			);
			buildRules = (
			);
			dependencies = (
			);
			name = MultipeerTrial;
			productName = MultipeerTrial;
			productReference = E0CB36A81E6833B700A61CFF /* MultipeerTrial.app */;
			productType = "com.apple.product-type.application";
		};
/* End PBXNativeTarget section */

/* Begin PBXProject section */
		E0CB36A01E6833B700A61CFF /* Project object */ = {
			isa = PBXProject;
			attributes = {
				LastSwiftUpdateCheck = 0820;
				LastUpgradeCheck = 0820;
				ORGANIZATIONNAME = color_box;
				TargetAttributes = {
					E0CB36A71E6833B700A61CFF = {
						CreatedOnToolsVersion = 8.2.1;
						DevelopmentTeam = 8NY8PHM374;
						LastSwiftMigration = 0820;
						ProvisioningStyle = Automatic;
					};
				};
			};
			buildConfigurationList = E0CB36A31E6833B700A61CFF /* Build configuration list for PBXProject "MultipeerTrial" */;
			compatibilityVersion = "Xcode 3.2";
			developmentRegion = English;
			hasScannedForEncodings = 0;
			knownRegions = (
				en,
				Base,
			);
			mainGroup = E0CB369F1E6833B700A61CFF;
			productRefGroup = E0CB36A91E6833B700A61CFF /* Products */;
			projectDirPath = "";
			projectRoot = "";
			targets = (
				E0CB36A71E6833B700A61CFF /* MultipeerTrial */,
			);
		};
/* End PBXProject section */

/* Begin PBXResourcesBuildPhase section */
		E0CB36A61E6833B700A61CFF /* Resources */ = {
			isa = PBXResourcesBuildPhase;
			buildActionMask = 2147483647;
			files = (
				E0CB36B61E6833B700A61CFF /* LaunchScreen.storyboard in Resources */,
				E0CB36B31E6833B700A61CFF /* Assets.xcassets in Resources */,
				E0CB36B11E6833B700A61CFF /* Main.storyboard in Resources */,
			);
			runOnlyForDeploymentPostprocessing = 0;
		};
/* End PBXResourcesBuildPhase section */

/* Begin PBXSourcesBuildPhase section */
		E0CB36A41E6833B700A61CFF /* Sources */ = {
			isa = PBXSourcesBuildPhase;
			buildActionMask = 2147483647;
			files = (
				E0CB36AE1E6833B700A61CFF /* ColorSwitchViewController.swift in Sources */,
				E0CB36AC1E6833B700A61CFF /* AppDelegate.swift in Sources */,
				E0CB36C11E6838DE00A61CFF /* ColorServiceManager.swift in Sources */,
			);
			runOnlyForDeploymentPostprocessing = 0;
		};
/* End PBXSourcesBuildPhase section */

/* Begin PBXVariantGroup section */
		E0CB36AF1E6833B700A61CFF /* Main.storyboard */ = {
			isa = PBXVariantGroup;
			children = (
				E0CB36B01E6833B700A61CFF /* Base */,
			);
			name = Main.storyboard;
			sourceTree = "<group>";
		};
		E0CB36B41E6833B700A61CFF /* LaunchScreen.storyboard */ = {
			isa = PBXVariantGroup;
			children = (
				E0CB36B51E6833B700A61CFF /* Base */,
			);
			name = LaunchScreen.storyboard;
			sourceTree = "<group>";
		};
/* End PBXVariantGroup section */

/* Begin XCBuildConfiguration section */
		E0CB36B81E6833B700A61CFF /* Debug */ = {
			isa = XCBuildConfiguration;
			buildSettings = {
				ALWAYS_SEARCH_USER_PATHS = NO;
				CLANG_ANALYZER_NONNULL = YES;
				CLANG_CXX_LANGUAGE_STANDARD = "gnu++0x";
				CLANG_CXX_LIBRARY = "libc++";
				CLANG_ENABLE_MODULES = YES;
				CLANG_ENABLE_OBJC_ARC = YES;
				CLANG_WARN_BOOL_CONVERSION = YES;
				CLANG_WARN_CONSTANT_CONVERSION = YES;
				CLANG_WARN_DIRECT_OBJC_ISA_USAGE = YES_ERROR;
				CLANG_WARN_DOCUMENTATION_COMMENTS = YES;
				CLANG_WARN_EMPTY_BODY = YES;
				CLANG_WARN_ENUM_CONVERSION = YES;
				CLANG_WARN_INFINITE_RECURSION = YES;
				CLANG_WARN_INT_CONVERSION = YES;
				CLANG_WARN_OBJC_ROOT_CLASS = YES_ERROR;
				CLANG_WARN_SUSPICIOUS_MOVE = YES;
				CLANG_WARN_UNREACHABLE_CODE = YES;
				CLANG_WARN__DUPLICATE_METHOD_MATCH = YES;
				"CODE_SIGN_IDENTITY[sdk=iphoneos*]" = "iPhone Developer";
				COPY_PHASE_STRIP = NO;
				DEBUG_INFORMATION_FORMAT = dwarf;
				ENABLE_STRICT_OBJC_MSGSEND = YES;
				ENABLE_TESTABILITY = YES;
				GCC_C_LANGUAGE_STANDARD = gnu99;
				GCC_DYNAMIC_NO_PIC = NO;
				GCC_NO_COMMON_BLOCKS = YES;
				GCC_OPTIMIZATION_LEVEL = 0;
				GCC_PREPROCESSOR_DEFINITIONS = (
					"DEBUG=1",
					"$(inherited)",
				);
				GCC_WARN_64_TO_32_BIT_CONVERSION = YES;
				GCC_WARN_ABOUT_RETURN_TYPE = YES_ERROR;
				GCC_WARN_UNDECLARED_SELECTOR = YES;
				GCC_WARN_UNINITIALIZED_AUTOS = YES_AGGRESSIVE;
				GCC_WARN_UNUSED_FUNCTION = YES;
				GCC_WARN_UNUSED_VARIABLE = YES;
				IPHONEOS_DEPLOYMENT_TARGET = 10.2;
				MTL_ENABLE_DEBUG_INFO = YES;
				ONLY_ACTIVE_ARCH = YES;
				SDKROOT = iphoneos;
				SWIFT_ACTIVE_COMPILATION_CONDITIONS = DEBUG;
				SWIFT_OPTIMIZATION_LEVEL = "-Onone";
				TARGETED_DEVICE_FAMILY = "1,2";
			};
			name = Debug;
		};
		E0CB36B91E6833B700A61CFF /* Release */ = {
			isa = XCBuildConfiguration;
			buildSettings = {
				ALWAYS_SEARCH_USER_PATHS = NO;
				CLANG_ANALYZER_NONNULL = YES;
				CLANG_CXX_LANGUAGE_STANDARD = "gnu++0x";
				CLANG_CXX_LIBRARY = "libc++";
				CLANG_ENABLE_MODULES = YES;
				CLANG_ENABLE_OBJC_ARC = YES;
				CLANG_WARN_BOOL_CONVERSION = YES;
				CLANG_WARN_CONSTANT_CONVERSION = YES;
				CLANG_WARN_DIRECT_OBJC_ISA_USAGE = YES_ERROR;
				CLANG_WARN_DOCUMENTATION_COMMENTS = YES;
				CLANG_WARN_EMPTY_BODY = YES;
				CLANG_WARN_ENUM_CONVERSION = YES;
				CLANG_WARN_INFINITE_RECURSION = YES;
				CLANG_WARN_INT_CONVERSION = YES;
				CLANG_WARN_OBJC_ROOT_CLASS = YES_ERROR;
				CLANG_WARN_SUSPICIOUS_MOVE = YES;
				CLANG_WARN_UNREACHABLE_CODE = YES;
				CLANG_WARN__DUPLICATE_METHOD_MATCH = YES;
				"CODE_SIGN_IDENTITY[sdk=iphoneos*]" = "iPhone Developer";
				COPY_PHASE_STRIP = NO;
				DEBUG_INFORMATION_FORMAT = "dwarf-with-dsym";
				ENABLE_NS_ASSERTIONS = NO;
				ENABLE_STRICT_OBJC_MSGSEND = YES;
				GCC_C_LANGUAGE_STANDARD = gnu99;
				GCC_NO_COMMON_BLOCKS = YES;
				GCC_WARN_64_TO_32_BIT_CONVERSION = YES;
				GCC_WARN_ABOUT_RETURN_TYPE = YES_ERROR;
				GCC_WARN_UNDECLARED_SELECTOR = YES;
				GCC_WARN_UNINITIALIZED_AUTOS = YES_AGGRESSIVE;
				GCC_WARN_UNUSED_FUNCTION = YES;
				GCC_WARN_UNUSED_VARIABLE = YES;
				IPHONEOS_DEPLOYMENT_TARGET = 10.2;
				MTL_ENABLE_DEBUG_INFO = NO;
				SDKROOT = iphoneos;
				SWIFT_OPTIMIZATION_LEVEL = "-Owholemodule";
				TARGETED_DEVICE_FAMILY = "1,2";
				VALIDATE_PRODUCT = YES;
			};
			name = Release;
		};
		E0CB36BB1E6833B700A61CFF /* Debug */ = {
			isa = XCBuildConfiguration;
			buildSettings = {
				ASSETCATALOG_COMPILER_APPICON_NAME = AppIcon;
				DEVELOPMENT_TEAM = 8NY8PHM374;
				INFOPLIST_FILE = MultipeerTrial/Info.plist;
				LD_RUNPATH_SEARCH_PATHS = "$(inherited) @executable_path/Frameworks";
				PRODUCT_BUNDLE_IDENTIFIER = colorboxstudio.MultipeerTrial;
				PRODUCT_NAME = "$(TARGET_NAME)";
				SWIFT_VERSION = 3.0;
			};
			name = Debug;
		};
		E0CB36BC1E6833B700A61CFF /* Release */ = {
			isa = XCBuildConfiguration;
			buildSettings = {
				ASSETCATALOG_COMPILER_APPICON_NAME = AppIcon;
				DEVELOPMENT_TEAM = 8NY8PHM374;
				INFOPLIST_FILE = MultipeerTrial/Info.plist;
				LD_RUNPATH_SEARCH_PATHS = "$(inherited) @executable_path/Frameworks";
				PRODUCT_BUNDLE_IDENTIFIER = colorboxstudio.MultipeerTrial;
				PRODUCT_NAME = "$(TARGET_NAME)";
				SWIFT_VERSION = 3.0;
			};
			name = Release;
		};
/* End XCBuildConfiguration section */

/* Begin XCConfigurationList section */
		E0CB36A31E6833B700A61CFF /* Build configuration list for PBXProject "MultipeerTrial" */ = {
			isa = XCConfigurationList;
			buildConfigurations = (
				E0CB36B81E6833B700A61CFF /* Debug */,
				E0CB36B91E6833B700A61CFF /* Release */,
			);
			defaultConfigurationIsVisible = 0;
			defaultConfigurationName = Release;
		};
		E0CB36BA1E6833B700A61CFF /* Build configuration list for PBXNativeTarget "MultipeerTrial" */ = {
			isa = XCConfigurationList;
			buildConfigurations = (
				E0CB36BB1E6833B700A61CFF /* Debug */,
				E0CB36BC1E6833B700A61CFF /* Release */,
			);
			defaultConfigurationIsVisible = 0;
			defaultConfigurationName = Release;
		};
/* End XCConfigurationList section */
	};
	rootObject = E0CB36A01E6833B700A61CFF /* Project object */;
}
